// !$*UTF8*$!
{
	archiveVersion = 1;
	classes = {
	};
	objectVersion = 46;
	objects = {

/* Begin PBXBuildFile section */
		37FD0E7B1C86DD490037D3B0 /* main.m in Sources */ = {isa = PBXBuildFile; fileRef = 37FD0E7A1C86DD490037D3B0 /* main.m */; };
		37FD0E7E1C86DD490037D3B0 /* AppDelegate.m in Sources */ = {isa = PBXBuildFile; fileRef = 37FD0E7D1C86DD490037D3B0 /* AppDelegate.m */; };
		37FD0E811C86DD490037D3B0 /* ViewController.m in Sources */ = {isa = PBXBuildFile; fileRef = 37FD0E801C86DD490037D3B0 /* ViewController.m */; };
		37FD0E841C86DD490037D3B0 /* Main.storyboard in Resources */ = {isa = PBXBuildFile; fileRef = 37FD0E821C86DD490037D3B0 /* Main.storyboard */; };
		37FD0E861C86DD490037D3B0 /* Assets.xcassets in Resources */ = {isa = PBXBuildFile; fileRef = 37FD0E851C86DD490037D3B0 /* Assets.xcassets */; };
		37FD0E891C86DD490037D3B0 /* LaunchScreen.storyboard in Resources */ = {isa = PBXBuildFile; fileRef = 37FD0E871C86DD490037D3B0 /* LaunchScreen.storyboard */; };
/* End PBXBuildFile section */

/* Begin PBXFileReference section */
		37FD0E761C86DD490037D3B0 /* HelloWorld.app */ = {isa = PBXFileReference; explicitFileType = wrapper.application; includeInIndex = 0; path = HelloWorld.app; sourceTree = BUILT_PRODUCTS_DIR; };
		37FD0E7A1C86DD490037D3B0 /* main.m */ = {isa = PBXFileReference; lastKnownFileType = sourcecode.c.objc; path = main.m; sourceTree = "<group>"; };
		37FD0E7C1C86DD490037D3B0 /* AppDelegate.h */ = {isa = PBXFileReference; lastKnownFileType = sourcecode.c.h; path = AppDelegate.h; sourceTree = "<group>"; };
		37FD0E7D1C86DD490037D3B0 /* AppDelegate.m */ = {isa = PBXFileReference; lastKnownFileType = sourcecode.c.objc; path = AppDelegate.m; sourceTree = "<group>"; };
		37FD0E7F1C86DD490037D3B0 /* ViewController.h */ = {isa = PBXFileReference; lastKnownFileType = sourcecode.c.h; path = ViewController.h; sourceTree = "<group>"; };
		37FD0E801C86DD490037D3B0 /* ViewController.m */ = {isa = PBXFileReference; lastKnownFileType = sourcecode.c.objc; path = ViewController.m; sourceTree = "<group>"; };
		37FD0E831C86DD490037D3B0 /* Base */ = {isa = PBXFileReference; lastKnownFileType = file.storyboard; name = Base; path = Base.lproj/Main.storyboard; sourceTree = "<group>"; };
		37FD0E851C86DD490037D3B0 /* Assets.xcassets */ = {isa = PBXFileReference; lastKnownFileType = folder.assetcatalog; path = Assets.xcassets; sourceTree = "<group>"; };
		37FD0E881C86DD490037D3B0 /* Base */ = {isa = PBXFileReference; lastKnownFileType = file.storyboard; name = Base; path = Base.lproj/LaunchScreen.storyboard; sourceTree = "<group>"; };
		37FD0E8A1C86DD490037D3B0 /* Info.plist */ = {isa = PBXFileReference; lastKnownFileType = text.plist.xml; path = Info.plist; sourceTree = "<group>"; };
/* End PBXFileReference section */

/* Begin PBXFrameworksBuildPhase section */
		37FD0E731C86DD490037D3B0 /* Frameworks */ = {
			isa = PBXFrameworksBuildPhase;
			buildActionMask = 2147483647;
			files = (
			);
			runOnlyForDeploymentPostprocessing = 0;
		};
/* End PBXFrameworksBuildPhase section */

/* Begin PBXGroup section */
		37FD0E6D1C86DD490037D3B0 = {
			isa = PBXGroup;
			children = (
				37FD0E781C86DD490037D3B0 /* HelloWorld */,
				37FD0E771C86DD490037D3B0 /* Products */,
			);
			sourceTree = "<group>";
		};
		37FD0E771C86DD490037D3B0 /* Products */ = {
			isa = PBXGroup;
			children = (
				37FD0E761C86DD490037D3B0 /* HelloWorld.app */,
			);
			name = Products;
			sourceTree = "<group>";
		};
		37FD0E781C86DD490037D3B0 /* HelloWorld */ = {
			isa = PBXGroup;
			children = (
				37FD0E7C1C86DD490037D3B0 /* AppDelegate.h */,
				37FD0E7D1C86DD490037D3B0 /* AppDelegate.m */,
				37FD0E7F1C86DD490037D3B0 /* ViewController.h */,
				37FD0E801C86DD490037D3B0 /* ViewController.m */,
				37FD0E821C86DD490037D3B0 /* Main.storyboard */,
				37FD0E851C86DD490037D3B0 /* Assets.xcassets */,
				37FD0E871C86DD490037D3B0 /* LaunchScreen.storyboard */,
				37FD0E8A1C86DD490037D3B0 /* Info.plist */,
				37FD0E791C86DD490037D3B0 /* Supporting Files */,
			);
			path = HelloWorld;
			sourceTree = "<group>";
		};
		37FD0E791C86DD490037D3B0 /* Supporting Files */ = {
			isa = PBXGroup;
			children = (
				37FD0E7A1C86DD490037D3B0 /* main.m */,
			);
			name = "Supporting Files";
			sourceTree = "<group>";
		};
/* End PBXGroup section */

/* Begin PBXNativeTarget section */
		37FD0E751C86DD490037D3B0 /* HelloWorld */ = {
			isa = PBXNativeTarget;
			buildConfigurationList = 37FD0E8D1C86DD490037D3B0 /* Build configuration list for PBXNativeTarget "HelloWorld" */;
			buildPhases = (
				37FD0E721C86DD490037D3B0 /* Sources */,
				37FD0E731C86DD490037D3B0 /* Frameworks */,
				37FD0E741C86DD490037D3B0 /* Resources */,
			);
			buildRules = (
			);
			dependencies = (
			);
			name = HelloWorld;
			productName = HelloWorld;
			productReference = 37FD0E761C86DD490037D3B0 /* HelloWorld.app */;
			productType = "com.apple.product-type.application";
		};
/* End PBXNativeTarget section */

/* Begin PBXProject section */
		37FD0E6E1C86DD490037D3B0 /* Project object */ = {
			isa = PBXProject;
			attributes = {
				LastUpgradeCheck = 0720;
				ORGANIZATIONNAME = "Dao Van Son";
				TargetAttributes = {
					37FD0E751C86DD490037D3B0 = {
						CreatedOnToolsVersion = 7.2;
					};
				};
			};
			buildConfigurationList = 37FD0E711C86DD490037D3B0 /* Build configuration list for PBXProject "HelloWorld" */;
			compatibilityVersion = "Xcode 3.2";
			developmentRegion = English;
			hasScannedForEncodings = 0;
			knownRegions = (
				en,
				Base,
			);
			mainGroup = 37FD0E6D1C86DD490037D3B0;
			productRefGroup = 37FD0E771C86DD490037D3B0 /* Products */;
			projectDirPath = "";
			projectRoot = "";
			targets = (
				37FD0E751C86DD490037D3B0 /* HelloWorld */,
			);
		};
/* End PBXProject section */

/* Begin PBXResourcesBuildPhase section */
		37FD0E741C86DD490037D3B0 /* Resources */ = {
			isa = PBXResourcesBuildPhase;
			buildActionMask = 2147483647;
			files = (
				37FD0E891C86DD490037D3B0 /* LaunchScreen.storyboard in Resources */,
				37FD0E861C86DD490037D3B0 /* Assets.xcassets in Resources */,
				37FD0E841C86DD490037D3B0 /* Main.storyboard in Resources */,
			);
			runOnlyForDeploymentPostprocessing = 0;
		};
/* End PBXResourcesBuildPhase section */

/* Begin PBXSourcesBuildPhase section */
		37FD0E721C86DD490037D3B0 /* Sources */ = {
			isa = PBXSourcesBuildPhase;
			buildActionMask = 2147483647;
			files = (
				37FD0E811C86DD490037D3B0 /* ViewController.m in Sources */,
				37FD0E7E1C86DD490037D3B0 /* AppDelegate.m in Sources */,
				37FD0E7B1C86DD490037D3B0 /* main.m in Sources */,
			);
			runOnlyForDeploymentPostprocessing = 0;
		};
/* End PBXSourcesBuildPhase section */

/* Begin PBXVariantGroup section */
		37FD0E821C86DD490037D3B0 /* Main.storyboard */ = {
			isa = PBXVariantGroup;
			children = (
				37FD0E831C86DD490037D3B0 /* Base */,
			);
			name = Main.storyboard;
			sourceTree = "<group>";
		};
		37FD0E871C86DD490037D3B0 /* LaunchScreen.storyboard */ = {
			isa = PBXVariantGroup;
			children = (
				37FD0E881C86DD490037D3B0 /* Base */,
			);
			name = LaunchScreen.storyboard;
			sourceTree = "<group>";
		};
/* End PBXVariantGroup section */

/* Begin XCBuildConfiguration section */
		37FD0E8B1C86DD490037D3B0 /* Debug */ = {
			isa = XCBuildConfiguration;
			buildSettings = {
				ALWAYS_SEARCH_USER_PATHS = NO;
				CLANG_CXX_LANGUAGE_STANDARD = "gnu++0x";
				CLANG_CXX_LIBRARY = "libc++";
				CLANG_ENABLE_MODULES = YES;
				CLANG_ENABLE_OBJC_ARC = YES;
				CLANG_WARN_BOOL_CONVERSION = YES;
				CLANG_WARN_CONSTANT_CONVERSION = YES;
				CLANG_WARN_DIRECT_OBJC_ISA_USAGE = YES_ERROR;
				CLANG_WARN_EMPTY_BODY = YES;
				CLANG_WARN_ENUM_CONVERSION = YES;
				CLANG_WARN_INT_CONVERSION = YES;
				CLANG_WARN_OBJC_ROOT_CLASS = YES_ERROR;
				CLANG_WARN_UNREACHABLE_CODE = YES;
				CLANG_WARN__DUPLICATE_METHOD_MATCH = YES;
				"CODE_SIGN_IDENTITY[sdk=iphoneos*]" = "iPhone Developer";
				COPY_PHASE_STRIP = NO;
				DEBUG_INFORMATION_FORMAT = dwarf;
				ENABLE_STRICT_OBJC_MSGSEND = YES;
				ENABLE_TESTABILITY = YES;
				GCC_C_LANGUAGE_STANDARD = gnu99;
				GCC_DYNAMIC_NO_PIC = NO;
				GCC_NO_COMMON_BLOCKS = YES;
				GCC_OPTIMIZATION_LEVEL = 0;
				GCC_PREPROCESSOR_DEFINITIONS = (
					"DEBUG=1",
					"$(inherited)",
				);
				GCC_WARN_64_TO_32_BIT_CONVERSION = YES;
				GCC_WARN_ABOUT_RETURN_TYPE = YES_ERROR;
				GCC_WARN_UNDECLARED_SELECTOR = YES;
				GCC_WARN_UNINITIALIZED_AUTOS = YES_AGGRESSIVE;
				GCC_WARN_UNUSED_FUNCTION = YES;
				GCC_WARN_UNUSED_VARIABLE = YES;
				IPHONEOS_DEPLOYMENT_TARGET = 9.2;
				MTL_ENABLE_DEBUG_INFO = YES;
				ONLY_ACTIVE_ARCH = YES;
				SDKROOT = iphoneos;
			};
			name = Debug;
		};
		37FD0E8C1C86DD490037D3B0 /* Release */ = {
			isa = XCBuildConfiguration;
			buildSettings = {
				ALWAYS_SEARCH_USER_PATHS = NO;
				CLANG_CXX_LANGUAGE_STANDARD = "gnu++0x";
				CLANG_CXX_LIBRARY = "libc++";
				CLANG_ENABLE_MODULES = YES;
				CLANG_ENABLE_OBJC_ARC = YES;
				CLANG_WARN_BOOL_CONVERSION = YES;
				CLANG_WARN_CONSTANT_CONVERSION = YES;
				CLANG_WARN_DIRECT_OBJC_ISA_USAGE = YES_ERROR;
				CLANG_WARN_EMPTY_BODY = YES;
				CLANG_WARN_ENUM_CONVERSION = YES;
				CLANG_WARN_INT_CONVERSION = YES;
				CLANG_WARN_OBJC_ROOT_CLASS = YES_ERROR;
				CLANG_WARN_UNREACHABLE_CODE = YES;
				CLANG_WARN__DUPLICATE_METHOD_MATCH = YES;
				"CODE_SIGN_IDENTITY[sdk=iphoneos*]" = "iPhone Developer";
				COPY_PHASE_STRIP = NO;
				DEBUG_INFORMATION_FORMAT = "dwarf-with-dsym";
				ENABLE_NS_ASSERTIONS = NO;
				ENABLE_STRICT_OBJC_MSGSEND = YES;
				GCC_C_LANGUAGE_STANDARD = gnu99;
				GCC_NO_COMMON_BLOCKS = YES;
				GCC_WARN_64_TO_32_BIT_CONVERSION = YES;
				GCC_WARN_ABOUT_RETURN_TYPE = YES_ERROR;
				GCC_WARN_UNDECLARED_SELECTOR = YES;
				GCC_WARN_UNINITIALIZED_AUTOS = YES_AGGRESSIVE;
				GCC_WARN_UNUSED_FUNCTION = YES;
				GCC_WARN_UNUSED_VARIABLE = YES;
				IPHONEOS_DEPLOYMENT_TARGET = 9.2;
				MTL_ENABLE_DEBUG_INFO = NO;
				SDKROOT = iphoneos;
				VALIDATE_PRODUCT = YES;
			};
			name = Release;
		};
		37FD0E8E1C86DD490037D3B0 /* Debug */ = {
			isa = XCBuildConfiguration;
			buildSettings = {
				ASSETCATALOG_COMPILER_APPICON_NAME = AppIcon;
				INFOPLIST_FILE = HelloWorld/Info.plist;
				LD_RUNPATH_SEARCH_PATHS = "$(inherited) @executable_path/Frameworks";
				PRODUCT_BUNDLE_IDENTIFIER = nal.HelloWorld;
				PRODUCT_NAME = "$(TARGET_NAME)";
			};
			name = Debug;
		};
		37FD0E8F1C86DD490037D3B0 /* Release */ = {
			isa = XCBuildConfiguration;
			buildSettings = {
				ASSETCATALOG_COMPILER_APPICON_NAME = AppIcon;
				INFOPLIST_FILE = HelloWorld/Info.plist;
				LD_RUNPATH_SEARCH_PATHS = "$(inherited) @executable_path/Frameworks";
				PRODUCT_BUNDLE_IDENTIFIER = nal.HelloWorld;
				PRODUCT_NAME = "$(TARGET_NAME)";
			};
			name = Release;
		};
/* End XCBuildConfiguration section */

/* Begin XCConfigurationList section */
		37FD0E711C86DD490037D3B0 /* Build configuration list for PBXProject "HelloWorld" */ = {
			isa = XCConfigurationList;
			buildConfigurations = (
				37FD0E8B1C86DD490037D3B0 /* Debug */,
				37FD0E8C1C86DD490037D3B0 /* Release */,
			);
			defaultConfigurationIsVisible = 0;
			defaultConfigurationName = Release;
		};
		37FD0E8D1C86DD490037D3B0 /* Build configuration list for PBXNativeTarget "HelloWorld" */ = {
			isa = XCConfigurationList;
			buildConfigurations = (
				37FD0E8E1C86DD490037D3B0 /* Debug */,
				37FD0E8F1C86DD490037D3B0 /* Release */,
			);
			defaultConfigurationIsVisible = 0;
		};
/* End XCConfigurationList section */
	};
	rootObject = 37FD0E6E1C86DD490037D3B0 /* Project object */;
}
